
Microsoft Visual Studio Solution File, Format Version 12.00
# Visual Studio Version 17
VisualStudioVersion = 17.10.35122.118
MinimumVisualStudioVersion = 10.0.40219.1
Project("{FAE04EC0-301F-11D3-BF4B-00C04F79EFBC}") = "ParentsKiller_Form", "ParentsKiller_Form.csproj", "{40EE159F-62EC-4272-BCEA-29865E2FFD34}"
EndProject
Global
	GlobalSection(SolutionConfigurationPlatforms) = preSolution
		Debug|Any CPU = Debug|Any CPU
		Release|Any CPU = Release|Any CPU
	EndGlobalSection
	GlobalSection(ProjectConfigurationPlatforms) = postSolution
		{40EE159F-62EC-4272-BCEA-29865E2FFD34}.Debug|Any CPU.ActiveCfg = Debug|Any CPU
		{40EE159F-62EC-4272-BCEA-29865E2FFD34}.Debug|Any CPU.Build.0 = Debug|Any CPU
		{40EE159F-62EC-4272-BCEA-29865E2FFD34}.Release|Any CPU.ActiveCfg = Release|Any CPU
		{40EE159F-62EC-4272-BCEA-29865E2FFD34}.Release|Any CPU.Build.0 = Release|Any CPU
	EndGlobalSection
	GlobalSection(SolutionProperties) = preSolution
		HideSolutionNode = FALSE
	EndGlobalSection
	GlobalSection(ExtensibilityGlobals) = postSolution
		SolutionGuid = {878ECD32-B0B8-4767-BE10-635F0CC90FA5}
	EndGlobalSection
EndGlobal
